<?xml version="1.0" encoding="utf-8"?>
<Project ToolsVersion="4.0" xmlns="http://schemas.microsoft.com/developer/msbuild/2003">
  <ItemGroup>
    <Filter Include="소스 파일">
      <UniqueIdentifier>{4FC737F1-C7A5-4376-A066-2A32D752A2FF}</UniqueIdentifier>
      <Extensions>cpp;c;cc;cxx;c++;cppm;ixx;def;odl;idl;hpj;bat;asm;asmx</Extensions>
    </Filter>
    <Filter Include="헤더 파일">
      <UniqueIdentifier>{93995380-89BD-4b04-88EB-625FBE52EBFB}</UniqueIdentifier>
      <Extensions>h;hh;hpp;hxx;h++;hm;inl;inc;ipp;xsd</Extensions>
    </Filter>
    <Filter Include="리소스 파일">
      <UniqueIdentifier>{67DA6AB6-F800-4c08-8B7A-83BB121AAD01}</UniqueIdentifier>
      <Extensions>rc;ico;cur;bmp;dlg;rc2;rct;bin;rgs;gif;jpg;jpeg;jpe;resx;tiff;tif;png;wav;mfcribbon-ms</Extensions>
    </Filter>
    <Filter Include="gameNode">
      <UniqueIdentifier>{456ccd31-a2dd-4ba8-9f22-c7d462a1773e}</UniqueIdentifier>
    </Filter>
    <Filter Include="mainGame">
      <UniqueIdentifier>{b0320f66-3036-499a-bc52-2864aa106a7a}</UniqueIdentifier>
    </Filter>
    <Filter Include="singleton">
      <UniqueIdentifier>{d5af6b0f-4c74-4ebe-a0df-998a3b2f9a9e}</UniqueIdentifier>
    </Filter>
    <Filter Include="UTIL">
      <UniqueIdentifier>{ae8ed1ca-b7db-445d-a3e2-970c23ee8efd}</UniqueIdentifier>
    </Filter>
    <Filter Include="image">
      <UniqueIdentifier>{ca8e2a9d-9a89-40fa-9687-e9811869698e}</UniqueIdentifier>
    </Filter>
    <Filter Include="타이머">
      <UniqueIdentifier>{fced4742-a1d1-43ed-afee-d70fd59892a8}</UniqueIdentifier>
    </Filter>
    <Filter Include="텍스트데이터">
      <UniqueIdentifier>{dc1a7e9c-3e65-4527-8e0e-9d1fed69e1a8}</UniqueIdentifier>
    </Filter>
    <Filter Include="애니메이션">
      <UniqueIdentifier>{11b65d6c-5712-498b-861a-5c52f25e16a2}</UniqueIdentifier>
    </Filter>
    <Filter Include="manager">
      <UniqueIdentifier>{8c61072a-dba4-46b6-8ed7-d49ee1e7d011}</UniqueIdentifier>
    </Filter>
    <Filter Include="이펙트">
      <UniqueIdentifier>{cbc2bffc-abb2-4cb5-9970-639497ba2fff}</UniqueIdentifier>
    </Filter>
    <Filter Include="맵툴">
      <UniqueIdentifier>{e3922ca6-9d5f-4c7a-a20e-7f72caa6fe44}</UniqueIdentifier>
    </Filter>
    <Filter Include="manager\OBB">
      <UniqueIdentifier>{1af3ce06-36a7-44a8-aeff-3887b8b69dde}</UniqueIdentifier>
    </Filter>
    <Filter Include="manager\Zorder">
      <UniqueIdentifier>{8d7c25ed-e013-4602-99ae-a281af32861d}</UniqueIdentifier>
    </Filter>
    <Filter Include="manager\버튼">
      <UniqueIdentifier>{1aa13093-b110-4d98-a436-6b7fd3d4eff1}</UniqueIdentifier>
    </Filter>
    <Filter Include="manager\카메라">
      <UniqueIdentifier>{d9f6413c-bdb3-4ef6-9878-9cbf87983a63}</UniqueIdentifier>
    </Filter>
    <Filter Include="CryptOfNecroDancer">
      <UniqueIdentifier>{751256d5-1128-4a5a-9ec8-4bfffff6b55c}</UniqueIdentifier>
    </Filter>
    <Filter Include="CryptOfNecroDancer\플레이어">
      <UniqueIdentifier>{44296c5b-e655-4863-8b3c-1522edb94f89}</UniqueIdentifier>
    </Filter>
    <Filter Include="CryptOfNecroDancer\necroDancerMain">
      <UniqueIdentifier>{327c36bb-fb73-4573-ab81-25d7bf9c54ef}</UniqueIdentifier>
    </Filter>
    <Filter Include="CryptOfNecroDancer\몬스터">
      <UniqueIdentifier>{3d1a8403-f0b9-47bf-bc10-b83fdb661508}</UniqueIdentifier>
    </Filter>
    <Filter Include="CryptOfNecroDancer\gameManager">
      <UniqueIdentifier>{2daa4a95-c643-4fba-b33c-50f3df0125cd}</UniqueIdentifier>
    </Filter>
    <Filter Include="CryptOfNecroDancer\map">
      <UniqueIdentifier>{32d11268-273e-40af-bda2-49dc34592fd7}</UniqueIdentifier>
    </Filter>
  </ItemGroup>
  <ItemGroup>
    <ClInclude Include="framework.h">
      <Filter>헤더 파일</Filter>
    </ClInclude>
    <ClInclude Include="targetver.h">
      <Filter>헤더 파일</Filter>
    </ClInclude>
    <ClInclude Include="Resource.h">
      <Filter>헤더 파일</Filter>
    </ClInclude>
    <ClInclude Include="API_FrameWork.h">
      <Filter>헤더 파일</Filter>
    </ClInclude>
    <ClInclude Include="commonMacroFunction.h">
      <Filter>헤더 파일</Filter>
    </ClInclude>
    <ClInclude Include="singleton.h">
      <Filter>singleton</Filter>
    </ClInclude>
    <ClInclude Include="gameNode.h">
      <Filter>gameNode</Filter>
    </ClInclude>
    <ClInclude Include="Input.h">
      <Filter>manager</Filter>
    </ClInclude>
    <ClInclude Include="randomFunction.h">
      <Filter>헤더 파일</Filter>
    </ClInclude>
    <ClInclude Include="utils.h">
      <Filter>UTIL</Filter>
    </ClInclude>
    <ClInclude Include="image.h">
      <Filter>image</Filter>
    </ClInclude>
    <ClInclude Include="imageManager.h">
      <Filter>manager</Filter>
    </ClInclude>
    <ClInclude Include="timer.h">
      <Filter>타이머</Filter>
    </ClInclude>
    <ClInclude Include="timeManager.h">
      <Filter>manager</Filter>
    </ClInclude>
    <ClInclude Include="txtData.h">
      <Filter>텍스트데이터</Filter>
    </ClInclude>
    <ClInclude Include="sceneManager.h">
      <Filter>manager</Filter>
    </ClInclude>
    <ClInclude Include="soundManager.h">
      <Filter>manager</Filter>
    </ClInclude>
    <ClInclude Include="animation.h">
      <Filter>애니메이션</Filter>
    </ClInclude>
    <ClInclude Include="animationManager.h">
      <Filter>manager</Filter>
    </ClInclude>
    <ClInclude Include="effect.h">
      <Filter>이펙트</Filter>
    </ClInclude>
    <ClInclude Include="effectManager.h">
      <Filter>manager</Filter>
    </ClInclude>
    <ClInclude Include="mapTool.h">
      <Filter>맵툴</Filter>
    </ClInclude>
    <ClInclude Include="OBBCollision.h">
      <Filter>manager\OBB</Filter>
    </ClInclude>
    <ClInclude Include="Zorder.h">
      <Filter>manager\Zorder</Filter>
    </ClInclude>
    <ClInclude Include="button.h">
      <Filter>manager\버튼</Filter>
    </ClInclude>
    <ClInclude Include="camera.h">
      <Filter>manager\카메라</Filter>
    </ClInclude>
    <ClInclude Include="Player.h">
      <Filter>CryptOfNecroDancer\플레이어</Filter>
    </ClInclude>
    <ClInclude Include="necroDancerMain.h">
      <Filter>CryptOfNecroDancer\necroDancerMain</Filter>
    </ClInclude>
    <ClInclude Include="monster.h">
      <Filter>CryptOfNecroDancer\몬스터</Filter>
    </ClInclude>
    <ClInclude Include="monsterManager.h">
      <Filter>CryptOfNecroDancer\gameManager</Filter>
    </ClInclude>
    <ClInclude Include="makeMonster.h">
      <Filter>CryptOfNecroDancer\몬스터</Filter>
    </ClInclude>
    <ClInclude Include="mainGame.h">
      <Filter>mainGame</Filter>
    </ClInclude>
    <ClInclude Include="CMap.h">
      <Filter>CryptOfNecroDancer\map</Filter>
    </ClInclude>
    <ClInclude Include="CObject.h">
      <Filter>CryptOfNecroDancer\map</Filter>
    </ClInclude>
    <ClInclude Include="CTile.h">
      <Filter>CryptOfNecroDancer\map</Filter>
    </ClInclude>
    <ClInclude Include="tileSize.h">
      <Filter>헤더 파일</Filter>
    </ClInclude>
    <ClInclude Include="enum.h">
      <Filter>헤더 파일</Filter>
    </ClInclude>
    <ClInclude Include="addImage.h">
      <Filter>gameNode</Filter>
    </ClInclude>
    <ClInclude Include="makeWall.h">
      <Filter>CryptOfNecroDancer\map</Filter>
    </ClInclude>
    <ClInclude Include="CWall.h">
      <Filter>CryptOfNecroDancer\map</Filter>
    </ClInclude>
    <ClInclude Include="wallManager.h">
      <Filter>CryptOfNecroDancer\gameManager</Filter>
    </ClInclude>
  </ItemGroup>
  <ItemGroup>
    <ClCompile Include="API_FrameWork.cpp">
      <Filter>소스 파일</Filter>
    </ClCompile>
    <ClCompile Include="gameNode.cpp">
      <Filter>gameNode</Filter>
    </ClCompile>
    <ClCompile Include="Input.cpp">
      <Filter>manager</Filter>
    </ClCompile>
    <ClCompile Include="utils.cpp">
      <Filter>UTIL</Filter>
    </ClCompile>
    <ClCompile Include="image.cpp">
      <Filter>image</Filter>
    </ClCompile>
    <ClCompile Include="imageManager.cpp">
      <Filter>manager</Filter>
    </ClCompile>
    <ClCompile Include="timer.cpp">
      <Filter>타이머</Filter>
    </ClCompile>
    <ClCompile Include="timeManager.cpp">
      <Filter>manager</Filter>
    </ClCompile>
    <ClCompile Include="txtData.cpp">
      <Filter>텍스트데이터</Filter>
    </ClCompile>
    <ClCompile Include="sceneManager.cpp">
      <Filter>manager</Filter>
    </ClCompile>
    <ClCompile Include="soundManager.cpp">
      <Filter>manager</Filter>
    </ClCompile>
    <ClCompile Include="animation.cpp">
      <Filter>애니메이션</Filter>
    </ClCompile>
    <ClCompile Include="animationManager.cpp">
      <Filter>manager</Filter>
    </ClCompile>
    <ClCompile Include="effect.cpp">
      <Filter>이펙트</Filter>
    </ClCompile>
    <ClCompile Include="effectManager.cpp">
      <Filter>manager</Filter>
    </ClCompile>
    <ClCompile Include="mapTool.cpp">
      <Filter>맵툴</Filter>
    </ClCompile>
    <ClCompile Include="OBBCollision.cpp">
      <Filter>manager\OBB</Filter>
    </ClCompile>
    <ClCompile Include="Zorder.cpp">
      <Filter>manager\Zorder</Filter>
    </ClCompile>
    <ClCompile Include="button.cpp">
      <Filter>manager\버튼</Filter>
    </ClCompile>
    <ClCompile Include="camera.cpp">
      <Filter>manager\카메라</Filter>
    </ClCompile>
    <ClCompile Include="Player.cpp">
      <Filter>CryptOfNecroDancer\플레이어</Filter>
    </ClCompile>
    <ClCompile Include="necroDancerMain.cpp">
      <Filter>CryptOfNecroDancer\necroDancerMain</Filter>
    </ClCompile>
    <ClCompile Include="monster.cpp">
      <Filter>CryptOfNecroDancer\몬스터</Filter>
    </ClCompile>
    <ClCompile Include="monsterManager.cpp">
      <Filter>CryptOfNecroDancer\gameManager</Filter>
    </ClCompile>
    <ClCompile Include="makeMonster.cpp">
      <Filter>CryptOfNecroDancer\몬스터</Filter>
    </ClCompile>
    <ClCompile Include="mainGame.cpp">
      <Filter>mainGame</Filter>
    </ClCompile>
    <ClCompile Include="CMap.cpp">
      <Filter>CryptOfNecroDancer\map</Filter>
    </ClCompile>
    <ClCompile Include="CObject.cpp">
      <Filter>CryptOfNecroDancer\map</Filter>
    </ClCompile>
    <ClCompile Include="CTile.cpp">
      <Filter>CryptOfNecroDancer\map</Filter>
    </ClCompile>
    <ClCompile Include="addImage.cpp">
      <Filter>gameNode</Filter>
    </ClCompile>
    <ClCompile Include="makeWall.cpp">
      <Filter>CryptOfNecroDancer\map</Filter>
    </ClCompile>
    <ClCompile Include="CWall.cpp">
      <Filter>CryptOfNecroDancer\map</Filter>
    </ClCompile>
    <ClCompile Include="wallManager.cpp">
      <Filter>CryptOfNecroDancer\gameManager</Filter>
    </ClCompile>
  </ItemGroup>
  <ItemGroup>
    <ResourceCompile Include="API_FrameWork.rc">
      <Filter>리소스 파일</Filter>
    </ResourceCompile>
  </ItemGroup>
  <ItemGroup>
    <Image Include="small.ico">
      <Filter>리소스 파일</Filter>
    </Image>
    <Image Include="API_FrameWork.ico">
      <Filter>리소스 파일</Filter>
    </Image>
    <Image Include="images\UI\stairs_locked_miniboss.ico">
      <Filter>리소스 파일</Filter>
    </Image>
  </ItemGroup>
</Project>